// !$*UTF8*$!
{
	archiveVersion = 1;
	classes = {
	};
	objectVersion = 50;
	objects = {

/* Begin PBXBuildFile section */
		9C04936DB44131F154E8CA09 /* Pods_Todoey.framework in Frameworks */ = {isa = PBXBuildFile; fileRef = C09CEB3967EBCE69EF31B667 /* Pods_Todoey.framework */; };
		D5188E21215BA88700A6F0BB /* DataModel.xcdatamodeld in Sources */ = {isa = PBXBuildFile; fileRef = D5188E1F215BA88700A6F0BB /* DataModel.xcdatamodeld */; };
		D5188E23215E1D9F00A6F0BB /* CategoryViewController.swift in Sources */ = {isa = PBXBuildFile; fileRef = D5188E22215E1D9F00A6F0BB /* CategoryViewController.swift */; };
		D53A2D38215A3B6F001CAC27 /* AppDelegate.swift in Sources */ = {isa = PBXBuildFile; fileRef = D53A2D37215A3B6F001CAC27 /* AppDelegate.swift */; };
		D53A2D3A215A3B6F001CAC27 /* TodoListViewController.swift in Sources */ = {isa = PBXBuildFile; fileRef = D53A2D39215A3B6F001CAC27 /* TodoListViewController.swift */; };
		D53A2D3D215A3B6F001CAC27 /* Main.storyboard in Resources */ = {isa = PBXBuildFile; fileRef = D53A2D3B215A3B6F001CAC27 /* Main.storyboard */; };
		D53A2D3F215A3B71001CAC27 /* Assets.xcassets in Resources */ = {isa = PBXBuildFile; fileRef = D53A2D3E215A3B71001CAC27 /* Assets.xcassets */; };
		D53A2D42215A3B71001CAC27 /* LaunchScreen.storyboard in Resources */ = {isa = PBXBuildFile; fileRef = D53A2D40215A3B71001CAC27 /* LaunchScreen.storyboard */; };
/* End PBXBuildFile section */

/* Begin PBXFileReference section */
		0F13BA28010AB70A91813DFD /* Pods-Todoey.debug.xcconfig */ = {isa = PBXFileReference; includeInIndex = 1; lastKnownFileType = text.xcconfig; name = "Pods-Todoey.debug.xcconfig"; path = "Pods/Target Support Files/Pods-Todoey/Pods-Todoey.debug.xcconfig"; sourceTree = "<group>"; };
		2DA8445316BB627539AB64F4 /* Pods-Todoey.release.xcconfig */ = {isa = PBXFileReference; includeInIndex = 1; lastKnownFileType = text.xcconfig; name = "Pods-Todoey.release.xcconfig"; path = "Pods/Target Support Files/Pods-Todoey/Pods-Todoey.release.xcconfig"; sourceTree = "<group>"; };
		C09CEB3967EBCE69EF31B667 /* Pods_Todoey.framework */ = {isa = PBXFileReference; explicitFileType = wrapper.framework; includeInIndex = 0; path = Pods_Todoey.framework; sourceTree = BUILT_PRODUCTS_DIR; };
		D5188E20215BA88700A6F0BB /* DataModel.xcdatamodel */ = {isa = PBXFileReference; lastKnownFileType = wrapper.xcdatamodel; path = DataModel.xcdatamodel; sourceTree = "<group>"; };
		D5188E22215E1D9F00A6F0BB /* CategoryViewController.swift */ = {isa = PBXFileReference; lastKnownFileType = sourcecode.swift; path = CategoryViewController.swift; sourceTree = "<group>"; };
		D53A2D34215A3B6F001CAC27 /* Todoey.app */ = {isa = PBXFileReference; explicitFileType = wrapper.application; includeInIndex = 0; path = Todoey.app; sourceTree = BUILT_PRODUCTS_DIR; };
		D53A2D37215A3B6F001CAC27 /* AppDelegate.swift */ = {isa = PBXFileReference; lastKnownFileType = sourcecode.swift; path = AppDelegate.swift; sourceTree = "<group>"; };
		D53A2D39215A3B6F001CAC27 /* TodoListViewController.swift */ = {isa = PBXFileReference; lastKnownFileType = sourcecode.swift; path = TodoListViewController.swift; sourceTree = "<group>"; };
		D53A2D3C215A3B6F001CAC27 /* Base */ = {isa = PBXFileReference; lastKnownFileType = file.storyboard; name = Base; path = Base.lproj/Main.storyboard; sourceTree = "<group>"; };
		D53A2D3E215A3B71001CAC27 /* Assets.xcassets */ = {isa = PBXFileReference; lastKnownFileType = folder.assetcatalog; path = Assets.xcassets; sourceTree = "<group>"; };
		D53A2D41215A3B71001CAC27 /* Base */ = {isa = PBXFileReference; lastKnownFileType = file.storyboard; name = Base; path = Base.lproj/LaunchScreen.storyboard; sourceTree = "<group>"; };
		D53A2D43215A3B71001CAC27 /* Info.plist */ = {isa = PBXFileReference; lastKnownFileType = text.plist.xml; path = Info.plist; sourceTree = "<group>"; };
/* End PBXFileReference section */

/* Begin PBXFrameworksBuildPhase section */
		D53A2D31215A3B6F001CAC27 /* Frameworks */ = {
			isa = PBXFrameworksBuildPhase;
			buildActionMask = 2147483647;
			files = (
				9C04936DB44131F154E8CA09 /* Pods_Todoey.framework in Frameworks */,
			);
			runOnlyForDeploymentPostprocessing = 0;
		};
/* End PBXFrameworksBuildPhase section */

/* Begin PBXGroup section */
		584EE4221E87867E9CCFEF38 /* Frameworks */ = {
			isa = PBXGroup;
			children = (
				C09CEB3967EBCE69EF31B667 /* Pods_Todoey.framework */,
			);
			name = Frameworks;
			sourceTree = "<group>";
		};
		75DE5E23148FC6ADEB11DF94 /* Pods */ = {
			isa = PBXGroup;
			children = (
				0F13BA28010AB70A91813DFD /* Pods-Todoey.debug.xcconfig */,
				2DA8445316BB627539AB64F4 /* Pods-Todoey.release.xcconfig */,
			);
			name = Pods;
			sourceTree = "<group>";
		};
		D5188DFA215B861B00A6F0BB /* Data Model */ = {
			isa = PBXGroup;
			children = (
				D5188E1F215BA88700A6F0BB /* DataModel.xcdatamodeld */,
			);
			path = "Data Model";
			sourceTree = "<group>";
		};
		D5188DFB215B862500A6F0BB /* Controllers */ = {
			isa = PBXGroup;
			children = (
				D5188E22215E1D9F00A6F0BB /* CategoryViewController.swift */,
				D53A2D39215A3B6F001CAC27 /* TodoListViewController.swift */,
			);
			path = Controllers;
			sourceTree = "<group>";
		};
		D5188DFC215B862D00A6F0BB /* Views */ = {
			isa = PBXGroup;
			children = (
				D53A2D3B215A3B6F001CAC27 /* Main.storyboard */,
			);
			path = Views;
			sourceTree = "<group>";
		};
		D5188DFD215B863A00A6F0BB /* Supporting files */ = {
			isa = PBXGroup;
			children = (
				D53A2D3E215A3B71001CAC27 /* Assets.xcassets */,
				D53A2D40215A3B71001CAC27 /* LaunchScreen.storyboard */,
			);
			path = "Supporting files";
			sourceTree = "<group>";
		};
		D53A2D2B215A3B6F001CAC27 = {
			isa = PBXGroup;
			children = (
				D53A2D36215A3B6F001CAC27 /* Todoey */,
				D53A2D35215A3B6F001CAC27 /* Products */,
				75DE5E23148FC6ADEB11DF94 /* Pods */,
				584EE4221E87867E9CCFEF38 /* Frameworks */,
			);
			sourceTree = "<group>";
		};
		D53A2D35215A3B6F001CAC27 /* Products */ = {
			isa = PBXGroup;
			children = (
				D53A2D34215A3B6F001CAC27 /* Todoey.app */,
			);
			name = Products;
			sourceTree = "<group>";
		};
		D53A2D36215A3B6F001CAC27 /* Todoey */ = {
			isa = PBXGroup;
			children = (
				D53A2D37215A3B6F001CAC27 /* AppDelegate.swift */,
				D5188DFB215B862500A6F0BB /* Controllers */,
				D5188DFA215B861B00A6F0BB /* Data Model */,
				D5188DFC215B862D00A6F0BB /* Views */,
				D5188DFD215B863A00A6F0BB /* Supporting files */,
				D53A2D43215A3B71001CAC27 /* Info.plist */,
			);
			path = Todoey;
			sourceTree = "<group>";
		};
/* End PBXGroup section */

/* Begin PBXNativeTarget section */
		D53A2D33215A3B6F001CAC27 /* Todoey */ = {
			isa = PBXNativeTarget;
			buildConfigurationList = D53A2D46215A3B71001CAC27 /* Build configuration list for PBXNativeTarget "Todoey" */;
			buildPhases = (
				A0BC80DE2A95DA1114DB309A /* [CP] Check Pods Manifest.lock */,
				D53A2D30215A3B6F001CAC27 /* Sources */,
				D53A2D31215A3B6F001CAC27 /* Frameworks */,
				D53A2D32215A3B6F001CAC27 /* Resources */,
				234981FA6F0F364AA3D1EB00 /* [CP] Embed Pods Frameworks */,
			);
			buildRules = (
			);
			dependencies = (
			);
			name = Todoey;
			productName = Todoey;
			productReference = D53A2D34215A3B6F001CAC27 /* Todoey.app */;
			productType = "com.apple.product-type.application";
		};
/* End PBXNativeTarget section */

/* Begin PBXProject section */
		D53A2D2C215A3B6F001CAC27 /* Project object */ = {
			isa = PBXProject;
			attributes = {
				LastSwiftUpdateCheck = 1000;
				LastUpgradeCheck = 1000;
				ORGANIZATIONNAME = "Dimo Dimitrov";
				TargetAttributes = {
					D53A2D33215A3B6F001CAC27 = {
						CreatedOnToolsVersion = 10.0;
					};
				};
			};
			buildConfigurationList = D53A2D2F215A3B6F001CAC27 /* Build configuration list for PBXProject "Todoey" */;
			compatibilityVersion = "Xcode 9.3";
			developmentRegion = en;
			hasScannedForEncodings = 0;
			knownRegions = (
				en,
				Base,
			);
			mainGroup = D53A2D2B215A3B6F001CAC27;
			productRefGroup = D53A2D35215A3B6F001CAC27 /* Products */;
			projectDirPath = "";
			projectRoot = "";
			targets = (
				D53A2D33215A3B6F001CAC27 /* Todoey */,
			);
		};
/* End PBXProject section */

/* Begin PBXResourcesBuildPhase section */
		D53A2D32215A3B6F001CAC27 /* Resources */ = {
			isa = PBXResourcesBuildPhase;
			buildActionMask = 2147483647;
			files = (
				D53A2D42215A3B71001CAC27 /* LaunchScreen.storyboard in Resources */,
				D53A2D3F215A3B71001CAC27 /* Assets.xcassets in Resources */,
				D53A2D3D215A3B6F001CAC27 /* Main.storyboard in Resources */,
			);
			runOnlyForDeploymentPostprocessing = 0;
		};
/* End PBXResourcesBuildPhase section */

/* Begin PBXShellScriptBuildPhase section */
		234981FA6F0F364AA3D1EB00 /* [CP] Embed Pods Frameworks */ = {
			isa = PBXShellScriptBuildPhase;
			buildActionMask = 2147483647;
			files = (
			);
			inputPaths = (
				"${SRCROOT}/Pods/Target Support Files/Pods-Todoey/Pods-Todoey-frameworks.sh",
				"${BUILT_PRODUCTS_DIR}/Realm/Realm.framework",
				"${BUILT_PRODUCTS_DIR}/RealmSwift/RealmSwift.framework",
			);
			name = "[CP] Embed Pods Frameworks";
			outputPaths = (
				"${TARGET_BUILD_DIR}/${FRAMEWORKS_FOLDER_PATH}/Realm.framework",
				"${TARGET_BUILD_DIR}/${FRAMEWORKS_FOLDER_PATH}/RealmSwift.framework",
			);
			runOnlyForDeploymentPostprocessing = 0;
			shellPath = /bin/sh;
			shellScript = "\"${SRCROOT}/Pods/Target Support Files/Pods-Todoey/Pods-Todoey-frameworks.sh\"\n";
			showEnvVarsInLog = 0;
		};
		A0BC80DE2A95DA1114DB309A /* [CP] Check Pods Manifest.lock */ = {
			isa = PBXShellScriptBuildPhase;
			buildActionMask = 2147483647;
			files = (
			);
			inputPaths = (
				"${PODS_PODFILE_DIR_PATH}/Podfile.lock",
				"${PODS_ROOT}/Manifest.lock",
			);
			name = "[CP] Check Pods Manifest.lock";
			outputPaths = (
				"$(DERIVED_FILE_DIR)/Pods-Todoey-checkManifestLockResult.txt",
			);
			runOnlyForDeploymentPostprocessing = 0;
			shellPath = /bin/sh;
			shellScript = "diff \"${PODS_PODFILE_DIR_PATH}/Podfile.lock\" \"${PODS_ROOT}/Manifest.lock\" > /dev/null\nif [ $? != 0 ] ; then\n    # print error to STDERR\n    echo \"error: The sandbox is not in sync with the Podfile.lock. Run 'pod install' or update your CocoaPods installation.\" >&2\n    exit 1\nfi\n# This output is used by Xcode 'outputs' to avoid re-running this script phase.\necho \"SUCCESS\" > \"${SCRIPT_OUTPUT_FILE_0}\"\n";
			showEnvVarsInLog = 0;
		};
/* End PBXShellScriptBuildPhase section */

/* Begin PBXSourcesBuildPhase section */
		D53A2D30215A3B6F001CAC27 /* Sources */ = {
			isa = PBXSourcesBuildPhase;
			buildActionMask = 2147483647;
			files = (
				D5188E23215E1D9F00A6F0BB /* CategoryViewController.swift in Sources */,
				D53A2D3A215A3B6F001CAC27 /* TodoListViewController.swift in Sources */,
				D5188E21215BA88700A6F0BB /* DataModel.xcdatamodeld in Sources */,
				D53A2D38215A3B6F001CAC27 /* AppDelegate.swift in Sources */,
			);
			runOnlyForDeploymentPostprocessing = 0;
		};
/* End PBXSourcesBuildPhase section */

/* Begin PBXVariantGroup section */
		D53A2D3B215A3B6F001CAC27 /* Main.storyboard */ = {
			isa = PBXVariantGroup;
			children = (
				D53A2D3C215A3B6F001CAC27 /* Base */,
			);
			name = Main.storyboard;
			sourceTree = "<group>";
		};
		D53A2D40215A3B71001CAC27 /* LaunchScreen.storyboard */ = {
			isa = PBXVariantGroup;
			children = (
				D53A2D41215A3B71001CAC27 /* Base */,
			);
			name = LaunchScreen.storyboard;
			sourceTree = "<group>";
		};
/* End PBXVariantGroup section */

/* Begin XCBuildConfiguration section */
		D53A2D44215A3B71001CAC27 /* Debug */ = {
			isa = XCBuildConfiguration;
			buildSettings = {
				ALWAYS_SEARCH_USER_PATHS = NO;
				CLANG_ANALYZER_NONNULL = YES;
				CLANG_ANALYZER_NUMBER_OBJECT_CONVERSION = YES_AGGRESSIVE;
				CLANG_CXX_LANGUAGE_STANDARD = "gnu++14";
				CLANG_CXX_LIBRARY = "libc++";
				CLANG_ENABLE_MODULES = YES;
				CLANG_ENABLE_OBJC_ARC = YES;
				CLANG_ENABLE_OBJC_WEAK = YES;
				CLANG_WARN_BLOCK_CAPTURE_AUTORELEASING = YES;
				CLANG_WARN_BOOL_CONVERSION = YES;
				CLANG_WARN_COMMA = YES;
				CLANG_WARN_CONSTANT_CONVERSION = YES;
				CLANG_WARN_DEPRECATED_OBJC_IMPLEMENTATIONS = YES;
				CLANG_WARN_DIRECT_OBJC_ISA_USAGE = YES_ERROR;
				CLANG_WARN_DOCUMENTATION_COMMENTS = YES;
				CLANG_WARN_EMPTY_BODY = YES;
				CLANG_WARN_ENUM_CONVERSION = YES;
				CLANG_WARN_INFINITE_RECURSION = YES;
				CLANG_WARN_INT_CONVERSION = YES;
				CLANG_WARN_NON_LITERAL_NULL_CONVERSION = YES;
				CLANG_WARN_OBJC_IMPLICIT_RETAIN_SELF = YES;
				CLANG_WARN_OBJC_LITERAL_CONVERSION = YES;
				CLANG_WARN_OBJC_ROOT_CLASS = YES_ERROR;
				CLANG_WARN_RANGE_LOOP_ANALYSIS = YES;
				CLANG_WARN_STRICT_PROTOTYPES = YES;
				CLANG_WARN_SUSPICIOUS_MOVE = YES;
				CLANG_WARN_UNGUARDED_AVAILABILITY = YES_AGGRESSIVE;
				CLANG_WARN_UNREACHABLE_CODE = YES;
				CLANG_WARN__DUPLICATE_METHOD_MATCH = YES;
				CODE_SIGN_IDENTITY = "iPhone Developer";
				COPY_PHASE_STRIP = NO;
				DEBUG_INFORMATION_FORMAT = dwarf;
				ENABLE_STRICT_OBJC_MSGSEND = YES;
				ENABLE_TESTABILITY = YES;
				GCC_C_LANGUAGE_STANDARD = gnu11;
				GCC_DYNAMIC_NO_PIC = NO;
				GCC_NO_COMMON_BLOCKS = YES;
				GCC_OPTIMIZATION_LEVEL = 0;
				GCC_PREPROCESSOR_DEFINITIONS = (
					"DEBUG=1",
					"$(inherited)",
				);
				GCC_WARN_64_TO_32_BIT_CONVERSION = YES;
				GCC_WARN_ABOUT_RETURN_TYPE = YES_ERROR;
				GCC_WARN_UNDECLARED_SELECTOR = YES;
				GCC_WARN_UNINITIALIZED_AUTOS = YES_AGGRESSIVE;
				GCC_WARN_UNUSED_FUNCTION = YES;
				GCC_WARN_UNUSED_VARIABLE = YES;
				IPHONEOS_DEPLOYMENT_TARGET = 12.0;
				MTL_ENABLE_DEBUG_INFO = INCLUDE_SOURCE;
				MTL_FAST_MATH = YES;
				ONLY_ACTIVE_ARCH = YES;
				SDKROOT = iphoneos;
				SWIFT_ACTIVE_COMPILATION_CONDITIONS = DEBUG;
				SWIFT_OPTIMIZATION_LEVEL = "-Onone";
			};
			name = Debug;
		};
		D53A2D45215A3B71001CAC27 /* Release */ = {
			isa = XCBuildConfiguration;
			buildSettings = {
				ALWAYS_SEARCH_USER_PATHS = NO;
				CLANG_ANALYZER_NONNULL = YES;
				CLANG_ANALYZER_NUMBER_OBJECT_CONVERSION = YES_AGGRESSIVE;
				CLANG_CXX_LANGUAGE_STANDARD = "gnu++14";
				CLANG_CXX_LIBRARY = "libc++";
				CLANG_ENABLE_MODULES = YES;
				CLANG_ENABLE_OBJC_ARC = YES;
				CLANG_ENABLE_OBJC_WEAK = YES;
				CLANG_WARN_BLOCK_CAPTURE_AUTORELEASING = YES;
				CLANG_WARN_BOOL_CONVERSION = YES;
				CLANG_WARN_COMMA = YES;
				CLANG_WARN_CONSTANT_CONVERSION = YES;
				CLANG_WARN_DEPRECATED_OBJC_IMPLEMENTATIONS = YES;
				CLANG_WARN_DIRECT_OBJC_ISA_USAGE = YES_ERROR;
				CLANG_WARN_DOCUMENTATION_COMMENTS = YES;
				CLANG_WARN_EMPTY_BODY = YES;
				CLANG_WARN_ENUM_CONVERSION = YES;
				CLANG_WARN_INFINITE_RECURSION = YES;
				CLANG_WARN_INT_CONVERSION = YES;
				CLANG_WARN_NON_LITERAL_NULL_CONVERSION = YES;
				CLANG_WARN_OBJC_IMPLICIT_RETAIN_SELF = YES;
				CLANG_WARN_OBJC_LITERAL_CONVERSION = YES;
				CLANG_WARN_OBJC_ROOT_CLASS = YES_ERROR;
				CLANG_WARN_RANGE_LOOP_ANALYSIS = YES;
				CLANG_WARN_STRICT_PROTOTYPES = YES;
				CLANG_WARN_SUSPICIOUS_MOVE = YES;
				CLANG_WARN_UNGUARDED_AVAILABILITY = YES_AGGRESSIVE;
				CLANG_WARN_UNREACHABLE_CODE = YES;
				CLANG_WARN__DUPLICATE_METHOD_MATCH = YES;
				CODE_SIGN_IDENTITY = "iPhone Developer";
				COPY_PHASE_STRIP = NO;
				DEBUG_INFORMATION_FORMAT = "dwarf-with-dsym";
				ENABLE_NS_ASSERTIONS = NO;
				ENABLE_STRICT_OBJC_MSGSEND = YES;
				GCC_C_LANGUAGE_STANDARD = gnu11;
				GCC_NO_COMMON_BLOCKS = YES;
				GCC_WARN_64_TO_32_BIT_CONVERSION = YES;
				GCC_WARN_ABOUT_RETURN_TYPE = YES_ERROR;
				GCC_WARN_UNDECLARED_SELECTOR = YES;
				GCC_WARN_UNINITIALIZED_AUTOS = YES_AGGRESSIVE;
				GCC_WARN_UNUSED_FUNCTION = YES;
				GCC_WARN_UNUSED_VARIABLE = YES;
				IPHONEOS_DEPLOYMENT_TARGET = 12.0;
				MTL_ENABLE_DEBUG_INFO = NO;
				MTL_FAST_MATH = YES;
				SDKROOT = iphoneos;
				SWIFT_COMPILATION_MODE = wholemodule;
				SWIFT_OPTIMIZATION_LEVEL = "-O";
				VALIDATE_PRODUCT = YES;
			};
			name = Release;
		};
		D53A2D47215A3B71001CAC27 /* Debug */ = {
			isa = XCBuildConfiguration;
			baseConfigurationReference = 0F13BA28010AB70A91813DFD /* Pods-Todoey.debug.xcconfig */;
			buildSettings = {
				ASSETCATALOG_COMPILER_APPICON_NAME = AppIcon;
				CODE_SIGN_STYLE = Automatic;
				DEVELOPMENT_TEAM = 969B967H3P;
				INFOPLIST_FILE = Todoey/Info.plist;
				IPHONEOS_DEPLOYMENT_TARGET = 11.2;
				LD_RUNPATH_SEARCH_PATHS = (
					"$(inherited)",
					"@executable_path/Frameworks",
				);
				PRODUCT_BUNDLE_IDENTIFIER = com.todoey.lp.dimo.Todoey;
				PRODUCT_NAME = "$(TARGET_NAME)";
				SWIFT_VERSION = 4.2;
				TARGETED_DEVICE_FAMILY = 1;
			};
			name = Debug;
		};
		D53A2D48215A3B71001CAC27 /* Release */ = {
			isa = XCBuildConfiguration;
			baseConfigurationReference = 2DA8445316BB627539AB64F4 /* Pods-Todoey.release.xcconfig */;
			buildSettings = {
				ASSETCATALOG_COMPILER_APPICON_NAME = AppIcon;
				CODE_SIGN_STYLE = Automatic;
				DEVELOPMENT_TEAM = 969B967H3P;
				INFOPLIST_FILE = Todoey/Info.plist;
				IPHONEOS_DEPLOYMENT_TARGET = 11.2;
				LD_RUNPATH_SEARCH_PATHS = (
					"$(inherited)",
					"@executable_path/Frameworks",
				);
				PRODUCT_BUNDLE_IDENTIFIER = com.todoey.lp.dimo.Todoey;
				PRODUCT_NAME = "$(TARGET_NAME)";
				SWIFT_VERSION = 4.2;
				TARGETED_DEVICE_FAMILY = 1;
			};
			name = Release;
		};
/* End XCBuildConfiguration section */

/* Begin XCConfigurationList section */
		D53A2D2F215A3B6F001CAC27 /* Build configuration list for PBXProject "Todoey" */ = {
			isa = XCConfigurationList;
			buildConfigurations = (
				D53A2D44215A3B71001CAC27 /* Debug */,
				D53A2D45215A3B71001CAC27 /* Release */,
			);
			defaultConfigurationIsVisible = 0;
			defaultConfigurationName = Release;
		};
		D53A2D46215A3B71001CAC27 /* Build configuration list for PBXNativeTarget "Todoey" */ = {
			isa = XCConfigurationList;
			buildConfigurations = (
				D53A2D47215A3B71001CAC27 /* Debug */,
				D53A2D48215A3B71001CAC27 /* Release */,
			);
			defaultConfigurationIsVisible = 0;
			defaultConfigurationName = Release;
		};
/* End XCConfigurationList section */

/* Begin XCVersionGroup section */
		D5188E1F215BA88700A6F0BB /* DataModel.xcdatamodeld */ = {
			isa = XCVersionGroup;
			children = (
				D5188E20215BA88700A6F0BB /* DataModel.xcdatamodel */,
			);
			currentVersion = D5188E20215BA88700A6F0BB /* DataModel.xcdatamodel */;
			path = DataModel.xcdatamodeld;
			sourceTree = "<group>";
			versionGroupType = wrapper.xcdatamodel;
		};
/* End XCVersionGroup section */
	};
	rootObject = D53A2D2C215A3B6F001CAC27 /* Project object */;
}
